// !$*UTF8*$!
{
	archiveVersion = 1;
	classes = {
	};
	objectVersion = 56;
	objects = {

/* Begin PBXBuildFile section */
		39CBDE432BF66FB400F0FDB0 /* AppDelegate.swift in Sources */ = {isa = PBXBuildFile; fileRef = 39CBDE422BF66FB400F0FDB0 /* AppDelegate.swift */; };
		39CBDE452BF66FB400F0FDB0 /* SceneDelegate.swift in Sources */ = {isa = PBXBuildFile; fileRef = 39CBDE442BF66FB400F0FDB0 /* SceneDelegate.swift */; };
		39CBDE472BF66FB400F0FDB0 /* ViewController.swift in Sources */ = {isa = PBXBuildFile; fileRef = 39CBDE462BF66FB400F0FDB0 /* ViewController.swift */; };
		39CBDE4A2BF66FB400F0FDB0 /* Base in Resources */ = {isa = PBXBuildFile; fileRef = 39CBDE492BF66FB400F0FDB0 /* Base */; };
		39CBDE4C2BF66FB500F0FDB0 /* Assets.xcassets in Resources */ = {isa = PBXBuildFile; fileRef = 39CBDE4B2BF66FB500F0FDB0 /* Assets.xcassets */; };
		39CBDE4F2BF66FB500F0FDB0 /* Base in Resources */ = {isa = PBXBuildFile; fileRef = 39CBDE4E2BF66FB500F0FDB0 /* Base */; };
		39CBDE5A2BF66FB600F0FDB0 /* EmojiCounterTests.swift in Sources */ = {isa = PBXBuildFile; fileRef = 39CBDE592BF66FB600F0FDB0 /* EmojiCounterTests.swift */; };
		39CBDE642BF66FB600F0FDB0 /* EmojiCounterUITests.swift in Sources */ = {isa = PBXBuildFile; fileRef = 39CBDE632BF66FB600F0FDB0 /* EmojiCounterUITests.swift */; };
		39CBDE662BF66FB600F0FDB0 /* EmojiCounterUITestsLaunchTests.swift in Sources */ = {isa = PBXBuildFile; fileRef = 39CBDE652BF66FB600F0FDB0 /* EmojiCounterUITestsLaunchTests.swift */; };
/* End PBXBuildFile section */

/* Begin PBXContainerItemProxy section */
		39CBDE562BF66FB600F0FDB0 /* PBXContainerItemProxy */ = {
			isa = PBXContainerItemProxy;
			containerPortal = 39CBDE372BF66FB400F0FDB0 /* Project object */;
			proxyType = 1;
			remoteGlobalIDString = 39CBDE3E2BF66FB400F0FDB0;
			remoteInfo = EmojiCounter;
		};
		39CBDE602BF66FB600F0FDB0 /* PBXContainerItemProxy */ = {
			isa = PBXContainerItemProxy;
			containerPortal = 39CBDE372BF66FB400F0FDB0 /* Project object */;
			proxyType = 1;
			remoteGlobalIDString = 39CBDE3E2BF66FB400F0FDB0;
			remoteInfo = EmojiCounter;
		};
/* End PBXContainerItemProxy section */

/* Begin PBXFileReference section */
		39CBDE3F2BF66FB400F0FDB0 /* EmojiCounter.app */ = {isa = PBXFileReference; explicitFileType = wrapper.application; includeInIndex = 0; path = EmojiCounter.app; sourceTree = BUILT_PRODUCTS_DIR; };
		39CBDE422BF66FB400F0FDB0 /* AppDelegate.swift */ = {isa = PBXFileReference; lastKnownFileType = sourcecode.swift; path = AppDelegate.swift; sourceTree = "<group>"; };
		39CBDE442BF66FB400F0FDB0 /* SceneDelegate.swift */ = {isa = PBXFileReference; lastKnownFileType = sourcecode.swift; path = SceneDelegate.swift; sourceTree = "<group>"; };
		39CBDE462BF66FB400F0FDB0 /* ViewController.swift */ = {isa = PBXFileReference; lastKnownFileType = sourcecode.swift; path = ViewController.swift; sourceTree = "<group>"; };
		39CBDE492BF66FB400F0FDB0 /* Base */ = {isa = PBXFileReference; lastKnownFileType = file.storyboard; name = Base; path = Base.lproj/Main.storyboard; sourceTree = "<group>"; };
		39CBDE4B2BF66FB500F0FDB0 /* Assets.xcassets */ = {isa = PBXFileReference; lastKnownFileType = folder.assetcatalog; path = Assets.xcassets; sourceTree = "<group>"; };
		39CBDE4E2BF66FB500F0FDB0 /* Base */ = {isa = PBXFileReference; lastKnownFileType = file.storyboard; name = Base; path = Base.lproj/LaunchScreen.storyboard; sourceTree = "<group>"; };
		39CBDE502BF66FB500F0FDB0 /* Info.plist */ = {isa = PBXFileReference; lastKnownFileType = text.plist.xml; path = Info.plist; sourceTree = "<group>"; };
		39CBDE552BF66FB600F0FDB0 /* EmojiCounterTests.xctest */ = {isa = PBXFileReference; explicitFileType = wrapper.cfbundle; includeInIndex = 0; path = EmojiCounterTests.xctest; sourceTree = BUILT_PRODUCTS_DIR; };
		39CBDE592BF66FB600F0FDB0 /* EmojiCounterTests.swift */ = {isa = PBXFileReference; lastKnownFileType = sourcecode.swift; path = EmojiCounterTests.swift; sourceTree = "<group>"; };
		39CBDE5F2BF66FB600F0FDB0 /* EmojiCounterUITests.xctest */ = {isa = PBXFileReference; explicitFileType = wrapper.cfbundle; includeInIndex = 0; path = EmojiCounterUITests.xctest; sourceTree = BUILT_PRODUCTS_DIR; };
		39CBDE632BF66FB600F0FDB0 /* EmojiCounterUITests.swift */ = {isa = PBXFileReference; lastKnownFileType = sourcecode.swift; path = EmojiCounterUITests.swift; sourceTree = "<group>"; };
		39CBDE652BF66FB600F0FDB0 /* EmojiCounterUITestsLaunchTests.swift */ = {isa = PBXFileReference; lastKnownFileType = sourcecode.swift; path = EmojiCounterUITestsLaunchTests.swift; sourceTree = "<group>"; };
/* End PBXFileReference section */

/* Begin PBXFrameworksBuildPhase section */
		39CBDE3C2BF66FB400F0FDB0 /* Frameworks */ = {
			isa = PBXFrameworksBuildPhase;
			buildActionMask = 2147483647;
			files = (
			);
			runOnlyForDeploymentPostprocessing = 0;
		};
		39CBDE522BF66FB600F0FDB0 /* Frameworks */ = {
			isa = PBXFrameworksBuildPhase;
			buildActionMask = 2147483647;
			files = (
			);
			runOnlyForDeploymentPostprocessing = 0;
		};
		39CBDE5C2BF66FB600F0FDB0 /* Frameworks */ = {
			isa = PBXFrameworksBuildPhase;
			buildActionMask = 2147483647;
			files = (
			);
			runOnlyForDeploymentPostprocessing = 0;
		};
/* End PBXFrameworksBuildPhase section */

/* Begin PBXGroup section */
		39CBDE362BF66FB400F0FDB0 = {
			isa = PBXGroup;
			children = (
				39CBDE412BF66FB400F0FDB0 /* EmojiCounter */,
				39CBDE582BF66FB600F0FDB0 /* EmojiCounterTests */,
				39CBDE622BF66FB600F0FDB0 /* EmojiCounterUITests */,
				39CBDE402BF66FB400F0FDB0 /* Products */,
			);
			sourceTree = "<group>";
		};
		39CBDE402BF66FB400F0FDB0 /* Products */ = {
			isa = PBXGroup;
			children = (
				39CBDE3F2BF66FB400F0FDB0 /* EmojiCounter.app */,
				39CBDE552BF66FB600F0FDB0 /* EmojiCounterTests.xctest */,
				39CBDE5F2BF66FB600F0FDB0 /* EmojiCounterUITests.xctest */,
			);
			name = Products;
			sourceTree = "<group>";
		};
		39CBDE412BF66FB400F0FDB0 /* EmojiCounter */ = {
			isa = PBXGroup;
			children = (
				39CBDE422BF66FB400F0FDB0 /* AppDelegate.swift */,
				39CBDE442BF66FB400F0FDB0 /* SceneDelegate.swift */,
				39CBDE462BF66FB400F0FDB0 /* ViewController.swift */,
				39CBDE482BF66FB400F0FDB0 /* Main.storyboard */,
				39CBDE4B2BF66FB500F0FDB0 /* Assets.xcassets */,
				39CBDE4D2BF66FB500F0FDB0 /* LaunchScreen.storyboard */,
				39CBDE502BF66FB500F0FDB0 /* Info.plist */,
			);
			path = EmojiCounter;
			sourceTree = "<group>";
		};
		39CBDE582BF66FB600F0FDB0 /* EmojiCounterTests */ = {
			isa = PBXGroup;
			children = (
				39CBDE592BF66FB600F0FDB0 /* EmojiCounterTests.swift */,
			);
			path = EmojiCounterTests;
			sourceTree = "<group>";
		};
		39CBDE622BF66FB600F0FDB0 /* EmojiCounterUITests */ = {
			isa = PBXGroup;
			children = (
				39CBDE632BF66FB600F0FDB0 /* EmojiCounterUITests.swift */,
				39CBDE652BF66FB600F0FDB0 /* EmojiCounterUITestsLaunchTests.swift */,
			);
			path = EmojiCounterUITests;
			sourceTree = "<group>";
		};
/* End PBXGroup section */

/* Begin PBXNativeTarget section */
		39CBDE3E2BF66FB400F0FDB0 /* EmojiCounter */ = {
			isa = PBXNativeTarget;
			buildConfigurationList = 39CBDE692BF66FB600F0FDB0 /* Build configuration list for PBXNativeTarget "EmojiCounter" */;
			buildPhases = (
				39CBDE3B2BF66FB400F0FDB0 /* Sources */,
				39CBDE3C2BF66FB400F0FDB0 /* Frameworks */,
				39CBDE3D2BF66FB400F0FDB0 /* Resources */,
			);
			buildRules = (
			);
			dependencies = (
			);
			name = EmojiCounter;
			productName = EmojiCounter;
			productReference = 39CBDE3F2BF66FB400F0FDB0 /* EmojiCounter.app */;
			productType = "com.apple.product-type.application";
		};
		39CBDE542BF66FB600F0FDB0 /* EmojiCounterTests */ = {
			isa = PBXNativeTarget;
			buildConfigurationList = 39CBDE6C2BF66FB600F0FDB0 /* Build configuration list for PBXNativeTarget "EmojiCounterTests" */;
			buildPhases = (
				39CBDE512BF66FB600F0FDB0 /* Sources */,
				39CBDE522BF66FB600F0FDB0 /* Frameworks */,
				39CBDE532BF66FB600F0FDB0 /* Resources */,
			);
			buildRules = (
			);
			dependencies = (
				39CBDE572BF66FB600F0FDB0 /* PBXTargetDependency */,
			);
			name = EmojiCounterTests;
			productName = EmojiCounterTests;
			productReference = 39CBDE552BF66FB600F0FDB0 /* EmojiCounterTests.xctest */;
			productType = "com.apple.product-type.bundle.unit-test";
		};
		39CBDE5E2BF66FB600F0FDB0 /* EmojiCounterUITests */ = {
			isa = PBXNativeTarget;
			buildConfigurationList = 39CBDE6F2BF66FB600F0FDB0 /* Build configuration list for PBXNativeTarget "EmojiCounterUITests" */;
			buildPhases = (
				39CBDE5B2BF66FB600F0FDB0 /* Sources */,
				39CBDE5C2BF66FB600F0FDB0 /* Frameworks */,
				39CBDE5D2BF66FB600F0FDB0 /* Resources */,
			);
			buildRules = (
			);
			dependencies = (
				39CBDE612BF66FB600F0FDB0 /* PBXTargetDependency */,
			);
			name = EmojiCounterUITests;
			productName = EmojiCounterUITests;
			productReference = 39CBDE5F2BF66FB600F0FDB0 /* EmojiCounterUITests.xctest */;
			productType = "com.apple.product-type.bundle.ui-testing";
		};
/* End PBXNativeTarget section */

/* Begin PBXProject section */
		39CBDE372BF66FB400F0FDB0 /* Project object */ = {
			isa = PBXProject;
			attributes = {
				BuildIndependentTargetsInParallel = 1;
				LastSwiftUpdateCheck = 1530;
				LastUpgradeCheck = 1530;
				TargetAttributes = {
					39CBDE3E2BF66FB400F0FDB0 = {
						CreatedOnToolsVersion = 15.3;
					};
					39CBDE542BF66FB600F0FDB0 = {
						CreatedOnToolsVersion = 15.3;
						TestTargetID = 39CBDE3E2BF66FB400F0FDB0;
					};
					39CBDE5E2BF66FB600F0FDB0 = {
						CreatedOnToolsVersion = 15.3;
						TestTargetID = 39CBDE3E2BF66FB400F0FDB0;
					};
				};
			};
			buildConfigurationList = 39CBDE3A2BF66FB400F0FDB0 /* Build configuration list for PBXProject "EmojiCounter" */;
			compatibilityVersion = "Xcode 14.0";
			developmentRegion = en;
			hasScannedForEncodings = 0;
			knownRegions = (
				en,
				Base,
			);
			mainGroup = 39CBDE362BF66FB400F0FDB0;
			productRefGroup = 39CBDE402BF66FB400F0FDB0 /* Products */;
			projectDirPath = "";
			projectRoot = "";
			targets = (
				39CBDE3E2BF66FB400F0FDB0 /* EmojiCounter */,
				39CBDE542BF66FB600F0FDB0 /* EmojiCounterTests */,
				39CBDE5E2BF66FB600F0FDB0 /* EmojiCounterUITests */,
			);
		};
/* End PBXProject section */

/* Begin PBXResourcesBuildPhase section */
		39CBDE3D2BF66FB400F0FDB0 /* Resources */ = {
			isa = PBXResourcesBuildPhase;
			buildActionMask = 2147483647;
			files = (
				39CBDE4C2BF66FB500F0FDB0 /* Assets.xcassets in Resources */,
				39CBDE4F2BF66FB500F0FDB0 /* Base in Resources */,
				39CBDE4A2BF66FB400F0FDB0 /* Base in Resources */,
			);
			runOnlyForDeploymentPostprocessing = 0;
		};
		39CBDE532BF66FB600F0FDB0 /* Resources */ = {
			isa = PBXResourcesBuildPhase;
			buildActionMask = 2147483647;
			files = (
			);
			runOnlyForDeploymentPostprocessing = 0;
		};
		39CBDE5D2BF66FB600F0FDB0 /* Resources */ = {
			isa = PBXResourcesBuildPhase;
			buildActionMask = 2147483647;
			files = (
			);
			runOnlyForDeploymentPostprocessing = 0;
		};
/* End PBXResourcesBuildPhase section */

/* Begin PBXSourcesBuildPhase section */
		39CBDE3B2BF66FB400F0FDB0 /* Sources */ = {
			isa = PBXSourcesBuildPhase;
			buildActionMask = 2147483647;
			files = (
				39CBDE472BF66FB400F0FDB0 /* ViewController.swift in Sources */,
				39CBDE432BF66FB400F0FDB0 /* AppDelegate.swift in Sources */,
				39CBDE452BF66FB400F0FDB0 /* SceneDelegate.swift in Sources */,
			);
			runOnlyForDeploymentPostprocessing = 0;
		};
		39CBDE512BF66FB600F0FDB0 /* Sources */ = {
			isa = PBXSourcesBuildPhase;
			buildActionMask = 2147483647;
			files = (
				39CBDE5A2BF66FB600F0FDB0 /* EmojiCounterTests.swift in Sources */,
			);
			runOnlyForDeploymentPostprocessing = 0;
		};
		39CBDE5B2BF66FB600F0FDB0 /* Sources */ = {
			isa = PBXSourcesBuildPhase;
			buildActionMask = 2147483647;
			files = (
				39CBDE662BF66FB600F0FDB0 /* EmojiCounterUITestsLaunchTests.swift in Sources */,
				39CBDE642BF66FB600F0FDB0 /* EmojiCounterUITests.swift in Sources */,
			);
			runOnlyForDeploymentPostprocessing = 0;
		};
/* End PBXSourcesBuildPhase section */

/* Begin PBXTargetDependency section */
		39CBDE572BF66FB600F0FDB0 /* PBXTargetDependency */ = {
			isa = PBXTargetDependency;
			target = 39CBDE3E2BF66FB400F0FDB0 /* EmojiCounter */;
			targetProxy = 39CBDE562BF66FB600F0FDB0 /* PBXContainerItemProxy */;
		};
		39CBDE612BF66FB600F0FDB0 /* PBXTargetDependency */ = {
			isa = PBXTargetDependency;
			target = 39CBDE3E2BF66FB400F0FDB0 /* EmojiCounter */;
			targetProxy = 39CBDE602BF66FB600F0FDB0 /* PBXContainerItemProxy */;
		};
/* End PBXTargetDependency section */

/* Begin PBXVariantGroup section */
		39CBDE482BF66FB400F0FDB0 /* Main.storyboard */ = {
			isa = PBXVariantGroup;
			children = (
				39CBDE492BF66FB400F0FDB0 /* Base */,
			);
			name = Main.storyboard;
			sourceTree = "<group>";
		};
		39CBDE4D2BF66FB500F0FDB0 /* LaunchScreen.storyboard */ = {
			isa = PBXVariantGroup;
			children = (
				39CBDE4E2BF66FB500F0FDB0 /* Base */,
			);
			name = LaunchScreen.storyboard;
			sourceTree = "<group>";
		};
/* End PBXVariantGroup section */

/* Begin XCBuildConfiguration section */
		39CBDE672BF66FB600F0FDB0 /* Debug */ = {
			isa = XCBuildConfiguration;
			buildSettings = {
				ALWAYS_SEARCH_USER_PATHS = NO;
				ASSETCATALOG_COMPILER_GENERATE_SWIFT_ASSET_SYMBOL_EXTENSIONS = YES;
				CLANG_ANALYZER_NONNULL = YES;
				CLANG_ANALYZER_NUMBER_OBJECT_CONVERSION = YES_AGGRESSIVE;
				CLANG_CXX_LANGUAGE_STANDARD = "gnu++20";
				CLANG_ENABLE_MODULES = YES;
				CLANG_ENABLE_OBJC_ARC = YES;
				CLANG_ENABLE_OBJC_WEAK = YES;
				CLANG_WARN_BLOCK_CAPTURE_AUTORELEASING = YES;
				CLANG_WARN_BOOL_CONVERSION = YES;
				CLANG_WARN_COMMA = YES;
				CLANG_WARN_CONSTANT_CONVERSION = YES;
				CLANG_WARN_DEPRECATED_OBJC_IMPLEMENTATIONS = YES;
				CLANG_WARN_DIRECT_OBJC_ISA_USAGE = YES_ERROR;
				CLANG_WARN_DOCUMENTATION_COMMENTS = YES;
				CLANG_WARN_EMPTY_BODY = YES;
				CLANG_WARN_ENUM_CONVERSION = YES;
				CLANG_WARN_INFINITE_RECURSION = YES;
				CLANG_WARN_INT_CONVERSION = YES;
				CLANG_WARN_NON_LITERAL_NULL_CONVERSION = YES;
				CLANG_WARN_OBJC_IMPLICIT_RETAIN_SELF = YES;
				CLANG_WARN_OBJC_LITERAL_CONVERSION = YES;
				CLANG_WARN_OBJC_ROOT_CLASS = YES_ERROR;
				CLANG_WARN_QUOTED_INCLUDE_IN_FRAMEWORK_HEADER = YES;
				CLANG_WARN_RANGE_LOOP_ANALYSIS = YES;
				CLANG_WARN_STRICT_PROTOTYPES = YES;
				CLANG_WARN_SUSPICIOUS_MOVE = YES;
				CLANG_WARN_UNGUARDED_AVAILABILITY = YES_AGGRESSIVE;
				CLANG_WARN_UNREACHABLE_CODE = YES;
				CLANG_WARN__DUPLICATE_METHOD_MATCH = YES;
				COPY_PHASE_STRIP = NO;
				DEBUG_INFORMATION_FORMAT = dwarf;
				ENABLE_STRICT_OBJC_MSGSEND = YES;
				ENABLE_TESTABILITY = YES;
				ENABLE_USER_SCRIPT_SANDBOXING = YES;
				GCC_C_LANGUAGE_STANDARD = gnu17;
				GCC_DYNAMIC_NO_PIC = NO;
				GCC_NO_COMMON_BLOCKS = YES;
				GCC_OPTIMIZATION_LEVEL = 0;
				GCC_PREPROCESSOR_DEFINITIONS = (
					"DEBUG=1",
					"$(inherited)",
				);
				GCC_WARN_64_TO_32_BIT_CONVERSION = YES;
				GCC_WARN_ABOUT_RETURN_TYPE = YES_ERROR;
				GCC_WARN_UNDECLARED_SELECTOR = YES;
				GCC_WARN_UNINITIALIZED_AUTOS = YES_AGGRESSIVE;
				GCC_WARN_UNUSED_FUNCTION = YES;
				GCC_WARN_UNUSED_VARIABLE = YES;
				IPHONEOS_DEPLOYMENT_TARGET = 17.4;
				LOCALIZATION_PREFERS_STRING_CATALOGS = YES;
				MTL_ENABLE_DEBUG_INFO = INCLUDE_SOURCE;
				MTL_FAST_MATH = YES;
				ONLY_ACTIVE_ARCH = YES;
				SDKROOT = iphoneos;
				SWIFT_ACTIVE_COMPILATION_CONDITIONS = "DEBUG $(inherited)";
				SWIFT_OPTIMIZATION_LEVEL = "-Onone";
			};
			name = Debug;
		};
		39CBDE682BF66FB600F0FDB0 /* Release */ = {
			isa = XCBuildConfiguration;
			buildSettings = {
				ALWAYS_SEARCH_USER_PATHS = NO;
				ASSETCATALOG_COMPILER_GENERATE_SWIFT_ASSET_SYMBOL_EXTENSIONS = YES;
				CLANG_ANALYZER_NONNULL = YES;
				CLANG_ANALYZER_NUMBER_OBJECT_CONVERSION = YES_AGGRESSIVE;
				CLANG_CXX_LANGUAGE_STANDARD = "gnu++20";
				CLANG_ENABLE_MODULES = YES;
				CLANG_ENABLE_OBJC_ARC = YES;
				CLANG_ENABLE_OBJC_WEAK = YES;
				CLANG_WARN_BLOCK_CAPTURE_AUTORELEASING = YES;
				CLANG_WARN_BOOL_CONVERSION = YES;
				CLANG_WARN_COMMA = YES;
				CLANG_WARN_CONSTANT_CONVERSION = YES;
				CLANG_WARN_DEPRECATED_OBJC_IMPLEMENTATIONS = YES;
				CLANG_WARN_DIRECT_OBJC_ISA_USAGE = YES_ERROR;
				CLANG_WARN_DOCUMENTATION_COMMENTS = YES;
				CLANG_WARN_EMPTY_BODY = YES;
				CLANG_WARN_ENUM_CONVERSION = YES;
				CLANG_WARN_INFINITE_RECURSION = YES;
				CLANG_WARN_INT_CONVERSION = YES;
				CLANG_WARN_NON_LITERAL_NULL_CONVERSION = YES;
				CLANG_WARN_OBJC_IMPLICIT_RETAIN_SELF = YES;
				CLANG_WARN_OBJC_LITERAL_CONVERSION = YES;
				CLANG_WARN_OBJC_ROOT_CLASS = YES_ERROR;
				CLANG_WARN_QUOTED_INCLUDE_IN_FRAMEWORK_HEADER = YES;
				CLANG_WARN_RANGE_LOOP_ANALYSIS = YES;
				CLANG_WARN_STRICT_PROTOTYPES = YES;
				CLANG_WARN_SUSPICIOUS_MOVE = YES;
				CLANG_WARN_UNGUARDED_AVAILABILITY = YES_AGGRESSIVE;
				CLANG_WARN_UNREACHABLE_CODE = YES;
				CLANG_WARN__DUPLICATE_METHOD_MATCH = YES;
				COPY_PHASE_STRIP = NO;
				DEBUG_INFORMATION_FORMAT = "dwarf-with-dsym";
				ENABLE_NS_ASSERTIONS = NO;
				ENABLE_STRICT_OBJC_MSGSEND = YES;
				ENABLE_USER_SCRIPT_SANDBOXING = YES;
				GCC_C_LANGUAGE_STANDARD = gnu17;
				GCC_NO_COMMON_BLOCKS = YES;
				GCC_WARN_64_TO_32_BIT_CONVERSION = YES;
				GCC_WARN_ABOUT_RETURN_TYPE = YES_ERROR;
				GCC_WARN_UNDECLARED_SELECTOR = YES;
				GCC_WARN_UNINITIALIZED_AUTOS = YES_AGGRESSIVE;
				GCC_WARN_UNUSED_FUNCTION = YES;
				GCC_WARN_UNUSED_VARIABLE = YES;
				IPHONEOS_DEPLOYMENT_TARGET = 17.4;
				LOCALIZATION_PREFERS_STRING_CATALOGS = YES;
				MTL_ENABLE_DEBUG_INFO = NO;
				MTL_FAST_MATH = YES;
				SDKROOT = iphoneos;
				SWIFT_COMPILATION_MODE = wholemodule;
				VALIDATE_PRODUCT = YES;
			};
			name = Release;
		};
		39CBDE6A2BF66FB600F0FDB0 /* Debug */ = {
			isa = XCBuildConfiguration;
			buildSettings = {
				ASSETCATALOG_COMPILER_APPICON_NAME = AppIcon;
				ASSETCATALOG_COMPILER_GLOBAL_ACCENT_COLOR_NAME = AccentColor;
				CODE_SIGN_STYLE = Automatic;
				CURRENT_PROJECT_VERSION = 1;
				GENERATE_INFOPLIST_FILE = YES;
				INFOPLIST_FILE = EmojiCounter/Info.plist;
				INFOPLIST_KEY_UIApplicationSupportsIndirectInputEvents = YES;
				INFOPLIST_KEY_UILaunchStoryboardName = LaunchScreen;
				INFOPLIST_KEY_UIMainStoryboardFile = Main;
				INFOPLIST_KEY_UISupportedInterfaceOrientations_iPad = "UIInterfaceOrientationPortrait UIInterfaceOrientationPortraitUpsideDown UIInterfaceOrientationLandscapeLeft UIInterfaceOrientationLandscapeRight";
				INFOPLIST_KEY_UISupportedInterfaceOrientations_iPhone = "UIInterfaceOrientationPortrait UIInterfaceOrientationLandscapeLeft UIInterfaceOrientationLandscapeRight";
				LD_RUNPATH_SEARCH_PATHS = (
					"$(inherited)",
					"@executable_path/Frameworks",
				);
				MARKETING_VERSION = 1.0;
				PRODUCT_BUNDLE_IDENTIFIER = "auburn.edu-mzn0069.EmojiCounter";
				PRODUCT_NAME = "$(TARGET_NAME)";
				SWIFT_EMIT_LOC_STRINGS = YES;
				SWIFT_VERSION = 5.0;
				TARGETED_DEVICE_FAMILY = "1,2";
			};
			name = Debug;
		};
		39CBDE6B2BF66FB600F0FDB0 /* Release */ = {
			isa = XCBuildConfiguration;
			buildSettings = {
				ASSETCATALOG_COMPILER_APPICON_NAME = AppIcon;
				ASSETCATALOG_COMPILER_GLOBAL_ACCENT_COLOR_NAME = AccentColor;
				CODE_SIGN_STYLE = Automatic;
				CURRENT_PROJECT_VERSION = 1;
				GENERATE_INFOPLIST_FILE = YES;
				INFOPLIST_FILE = EmojiCounter/Info.plist;
				INFOPLIST_KEY_UIApplicationSupportsIndirectInputEvents = YES;
				INFOPLIST_KEY_UILaunchStoryboardName = LaunchScreen;
				INFOPLIST_KEY_UIMainStoryboardFile = Main;
				INFOPLIST_KEY_UISupportedInterfaceOrientations_iPad = "UIInterfaceOrientationPortrait UIInterfaceOrientationPortraitUpsideDown UIInterfaceOrientationLandscapeLeft UIInterfaceOrientationLandscapeRight";
				INFOPLIST_KEY_UISupportedInterfaceOrientations_iPhone = "UIInterfaceOrientationPortrait UIInterfaceOrientationLandscapeLeft UIInterfaceOrientationLandscapeRight";
				LD_RUNPATH_SEARCH_PATHS = (
					"$(inherited)",
					"@executable_path/Frameworks",
				);
				MARKETING_VERSION = 1.0;
				PRODUCT_BUNDLE_IDENTIFIER = "auburn.edu-mzn0069.EmojiCounter";
				PRODUCT_NAME = "$(TARGET_NAME)";
				SWIFT_EMIT_LOC_STRINGS = YES;
				SWIFT_VERSION = 5.0;
				TARGETED_DEVICE_FAMILY = "1,2";
			};
			name = Release;
		};
		39CBDE6D2BF66FB600F0FDB0 /* Debug */ = {
			isa = XCBuildConfiguration;
			buildSettings = {
				ALWAYS_EMBED_SWIFT_STANDARD_LIBRARIES = YES;
				BUNDLE_LOADER = "$(TEST_HOST)";
				CODE_SIGN_STYLE = Automatic;
				CURRENT_PROJECT_VERSION = 1;
				GENERATE_INFOPLIST_FILE = YES;
				IPHONEOS_DEPLOYMENT_TARGET = 17.4;
				MARKETING_VERSION = 1.0;
				PRODUCT_BUNDLE_IDENTIFIER = "auburn.edu-mzn0069.EmojiCounterTests";
				PRODUCT_NAME = "$(TARGET_NAME)";
				SWIFT_EMIT_LOC_STRINGS = NO;
				SWIFT_VERSION = 5.0;
				TARGETED_DEVICE_FAMILY = "1,2";
				TEST_HOST = "$(BUILT_PRODUCTS_DIR)/EmojiCounter.app/$(BUNDLE_EXECUTABLE_FOLDER_PATH)/EmojiCounter";
			};
			name = Debug;
		};
		39CBDE6E2BF66FB600F0FDB0 /* Release */ = {
			isa = XCBuildConfiguration;
			buildSettings = {
				ALWAYS_EMBED_SWIFT_STANDARD_LIBRARIES = YES;
				BUNDLE_LOADER = "$(TEST_HOST)";
				CODE_SIGN_STYLE = Automatic;
				CURRENT_PROJECT_VERSION = 1;
				GENERATE_INFOPLIST_FILE = YES;
				IPHONEOS_DEPLOYMENT_TARGET = 17.4;
				MARKETING_VERSION = 1.0;
				PRODUCT_BUNDLE_IDENTIFIER = "auburn.edu-mzn0069.EmojiCounterTests";
				PRODUCT_NAME = "$(TARGET_NAME)";
				SWIFT_EMIT_LOC_STRINGS = NO;
				SWIFT_VERSION = 5.0;
				TARGETED_DEVICE_FAMILY = "1,2";
				TEST_HOST = "$(BUILT_PRODUCTS_DIR)/EmojiCounter.app/$(BUNDLE_EXECUTABLE_FOLDER_PATH)/EmojiCounter";
			};
			name = Release;
		};
		39CBDE702BF66FB600F0FDB0 /* Debug */ = {
			isa = XCBuildConfiguration;
			buildSettings = {
				ALWAYS_EMBED_SWIFT_STANDARD_LIBRARIES = YES;
				CODE_SIGN_STYLE = Automatic;
				CURRENT_PROJECT_VERSION = 1;
				GENERATE_INFOPLIST_FILE = YES;
				MARKETING_VERSION = 1.0;
				PRODUCT_BUNDLE_IDENTIFIER = "auburn.edu-mzn0069.EmojiCounterUITests";
				PRODUCT_NAME = "$(TARGET_NAME)";
				SWIFT_EMIT_LOC_STRINGS = NO;
				SWIFT_VERSION = 5.0;
				TARGETED_DEVICE_FAMILY = "1,2";
				TEST_TARGET_NAME = EmojiCounter;
			};
			name = Debug;
		};
		39CBDE712BF66FB600F0FDB0 /* Release */ = {
			isa = XCBuildConfiguration;
			buildSettings = {
				ALWAYS_EMBED_SWIFT_STANDARD_LIBRARIES = YES;
				CODE_SIGN_STYLE = Automatic;
				CURRENT_PROJECT_VERSION = 1;
				GENERATE_INFOPLIST_FILE = YES;
				MARKETING_VERSION = 1.0;
				PRODUCT_BUNDLE_IDENTIFIER = "auburn.edu-mzn0069.EmojiCounterUITests";
				PRODUCT_NAME = "$(TARGET_NAME)";
				SWIFT_EMIT_LOC_STRINGS = NO;
				SWIFT_VERSION = 5.0;
				TARGETED_DEVICE_FAMILY = "1,2";
				TEST_TARGET_NAME = EmojiCounter;
			};
			name = Release;
		};
/* End XCBuildConfiguration section */

/* Begin XCConfigurationList section */
		39CBDE3A2BF66FB400F0FDB0 /* Build configuration list for PBXProject "EmojiCounter" */ = {
			isa = XCConfigurationList;
			buildConfigurations = (
				39CBDE672BF66FB600F0FDB0 /* Debug */,
				39CBDE682BF66FB600F0FDB0 /* Release */,
			);
			defaultConfigurationIsVisible = 0;
			defaultConfigurationName = Release;
		};
		39CBDE692BF66FB600F0FDB0 /* Build configuration list for PBXNativeTarget "EmojiCounter" */ = {
			isa = XCConfigurationList;
			buildConfigurations = (
				39CBDE6A2BF66FB600F0FDB0 /* Debug */,
				39CBDE6B2BF66FB600F0FDB0 /* Release */,
			);
			defaultConfigurationIsVisible = 0;
			defaultConfigurationName = Release;
		};
		39CBDE6C2BF66FB600F0FDB0 /* Build configuration list for PBXNativeTarget "EmojiCounterTests" */ = {
			isa = XCConfigurationList;
			buildConfigurations = (
				39CBDE6D2BF66FB600F0FDB0 /* Debug */,
				39CBDE6E2BF66FB600F0FDB0 /* Release */,
			);
			defaultConfigurationIsVisible = 0;
			defaultConfigurationName = Release;
		};
		39CBDE6F2BF66FB600F0FDB0 /* Build configuration list for PBXNativeTarget "EmojiCounterUITests" */ = {
			isa = XCConfigurationList;
			buildConfigurations = (
				39CBDE702BF66FB600F0FDB0 /* Debug */,
				39CBDE712BF66FB600F0FDB0 /* Release */,
			);
			defaultConfigurationIsVisible = 0;
			defaultConfigurationName = Release;
		};
/* End XCConfigurationList section */
	};
	rootObject = 39CBDE372BF66FB400F0FDB0 /* Project object */;
}
